
Microsoft Visual Studio Solution File, Format Version 12.00
# Visual Studio Version 16
VisualStudioVersion = 16.0.31829.152
MinimumVisualStudioVersion = 10.0.40219.1
Project("{FAE04EC0-301F-11D3-BF4B-00C04F79EFBC}") = "BlazorDualHosted.Server", "BlazorDualHosted\Server\BlazorDualHosted.Server.csproj", "{7DAE6BFF-F200-4E28-AEA1-B5BF3AD84CB1}"
EndProject
Project("{FAE04EC0-301F-11D3-BF4B-00C04F79EFBC}") = "BlazorDualHosted.Client", "BlazorDualHosted\Client\BlazorDualHosted.Client.csproj", "{DBE0FF7F-27BB-4E8B-94F6-026ED2D30770}"
EndProject
Project("{FAE04EC0-301F-11D3-BF4B-00C04F79EFBC}") = "BlazorDualHosted.Shared", "BlazorDualHosted\Shared\BlazorDualHosted.Shared.csproj", "{6FEDD72C-6771-47FF-87DE-2F160BB0D47D}"
EndProject
Global
	GlobalSection(SolutionConfigurationPlatforms) = preSolution
		Debug|Any CPU = Debug|Any CPU
		Release|Any CPU = Release|Any CPU
	EndGlobalSection
	GlobalSection(ProjectConfigurationPlatforms) = postSolution
		{7DAE6BFF-F200-4E28-AEA1-B5BF3AD84CB1}.Debug|Any CPU.ActiveCfg = Debug|Any CPU
		{7DAE6BFF-F200-4E28-AEA1-B5BF3AD84CB1}.Debug|Any CPU.Build.0 = Debug|Any CPU
		{7DAE6BFF-F200-4E28-AEA1-B5BF3AD84CB1}.Release|Any CPU.ActiveCfg = Release|Any CPU
		{7DAE6BFF-F200-4E28-AEA1-B5BF3AD84CB1}.Release|Any CPU.Build.0 = Release|Any CPU
		{DBE0FF7F-27BB-4E8B-94F6-026ED2D30770}.Debug|Any CPU.ActiveCfg = Debug|Any CPU
		{DBE0FF7F-27BB-4E8B-94F6-026ED2D30770}.Debug|Any CPU.Build.0 = Debug|Any CPU
		{DBE0FF7F-27BB-4E8B-94F6-026ED2D30770}.Release|Any CPU.ActiveCfg = Release|Any CPU
		{DBE0FF7F-27BB-4E8B-94F6-026ED2D30770}.Release|Any CPU.Build.0 = Release|Any CPU
		{6FEDD72C-6771-47FF-87DE-2F160BB0D47D}.Debug|Any CPU.ActiveCfg = Debug|Any CPU
		{6FEDD72C-6771-47FF-87DE-2F160BB0D47D}.Debug|Any CPU.Build.0 = Debug|Any CPU
		{6FEDD72C-6771-47FF-87DE-2F160BB0D47D}.Release|Any CPU.ActiveCfg = Release|Any CPU
		{6FEDD72C-6771-47FF-87DE-2F160BB0D47D}.Release|Any CPU.Build.0 = Release|Any CPU
	EndGlobalSection
	GlobalSection(SolutionProperties) = preSolution
		HideSolutionNode = FALSE
	EndGlobalSection
	GlobalSection(ExtensibilityGlobals) = postSolution
		SolutionGuid = {A7399DB2-F581-4D72-855B-EC86937184C8}
	EndGlobalSection
EndGlobal
